// !$*UTF8*$!
{
	archiveVersion = 1;
	classes = {
	};
	objectVersion = 55;
	objects = {

/* Begin PBXBuildFile section */
		F58FF1E5276622D0001AA80C /* HW6App.swift in Sources */ = {isa = PBXBuildFile; fileRef = F58FF1E4276622D0001AA80C /* HW6App.swift */; };
		F58FF1E7276622D0001AA80C /* ContentView.swift in Sources */ = {isa = PBXBuildFile; fileRef = F58FF1E6276622D0001AA80C /* ContentView.swift */; };
		F58FF1E9276622D0001AA80C /* Assets.xcassets in Resources */ = {isa = PBXBuildFile; fileRef = F58FF1E8276622D0001AA80C /* Assets.xcassets */; };
		F58FF1EC276622D0001AA80C /* Preview Assets.xcassets in Resources */ = {isa = PBXBuildFile; fileRef = F58FF1EB276622D0001AA80C /* Preview Assets.xcassets */; };
		F58FF1F32766C304001AA80C /* RME.swift in Sources */ = {isa = PBXBuildFile; fileRef = F58FF1F22766C303001AA80C /* RME.swift */; };
		F58FF1F52766CFB3001AA80C /* DI.swift in Sources */ = {isa = PBXBuildFile; fileRef = F58FF1F42766CFB3001AA80C /* DI.swift */; };
		F58FF1F72766DEAE001AA80C /* TabV.swift in Sources */ = {isa = PBXBuildFile; fileRef = F58FF1F62766DEAE001AA80C /* TabV.swift */; };
		F58FF1F92766DF53001AA80C /* Main1.swift in Sources */ = {isa = PBXBuildFile; fileRef = F58FF1F82766DF53001AA80C /* Main1.swift */; };
		F58FF1FB2766E065001AA80C /* Settings.swift in Sources */ = {isa = PBXBuildFile; fileRef = F58FF1FA2766E065001AA80C /* Settings.swift */; };
		F58FF1FD2766E0B1001AA80C /* History.swift in Sources */ = {isa = PBXBuildFile; fileRef = F58FF1FC2766E0B1001AA80C /* History.swift */; };
		F58FF1FF2766E62A001AA80C /* Main2.swift in Sources */ = {isa = PBXBuildFile; fileRef = F58FF1FE2766E62A001AA80C /* Main2.swift */; };
		F58FF20127671C2E001AA80C /* WI.swift in Sources */ = {isa = PBXBuildFile; fileRef = F58FF20027671C2E001AA80C /* WI.swift */; };
		F58FF20327672138001AA80C /* TG.swift in Sources */ = {isa = PBXBuildFile; fileRef = F58FF20227672138001AA80C /* TG.swift */; };
		F58FF205276723E2001AA80C /* Rem.swift in Sources */ = {isa = PBXBuildFile; fileRef = F58FF204276723E2001AA80C /* Rem.swift */; };
/* End PBXBuildFile section */

/* Begin PBXFileReference section */
		F58FF1E1276622D0001AA80C /* HW6.app */ = {isa = PBXFileReference; explicitFileType = wrapper.application; includeInIndex = 0; path = HW6.app; sourceTree = BUILT_PRODUCTS_DIR; };
		F58FF1E4276622D0001AA80C /* HW6App.swift */ = {isa = PBXFileReference; lastKnownFileType = sourcecode.swift; path = HW6App.swift; sourceTree = "<group>"; };
		F58FF1E6276622D0001AA80C /* ContentView.swift */ = {isa = PBXFileReference; lastKnownFileType = sourcecode.swift; path = ContentView.swift; sourceTree = "<group>"; };
		F58FF1E8276622D0001AA80C /* Assets.xcassets */ = {isa = PBXFileReference; lastKnownFileType = folder.assetcatalog; path = Assets.xcassets; sourceTree = "<group>"; };
		F58FF1EB276622D0001AA80C /* Preview Assets.xcassets */ = {isa = PBXFileReference; lastKnownFileType = folder.assetcatalog; path = "Preview Assets.xcassets"; sourceTree = "<group>"; };
		F58FF1F22766C303001AA80C /* RME.swift */ = {isa = PBXFileReference; lastKnownFileType = sourcecode.swift; path = RME.swift; sourceTree = "<group>"; };
		F58FF1F42766CFB3001AA80C /* DI.swift */ = {isa = PBXFileReference; lastKnownFileType = sourcecode.swift; path = DI.swift; sourceTree = "<group>"; };
		F58FF1F62766DEAE001AA80C /* TabV.swift */ = {isa = PBXFileReference; lastKnownFileType = sourcecode.swift; path = TabV.swift; sourceTree = "<group>"; };
		F58FF1F82766DF53001AA80C /* Main1.swift */ = {isa = PBXFileReference; lastKnownFileType = sourcecode.swift; path = Main1.swift; sourceTree = "<group>"; };
		F58FF1FA2766E065001AA80C /* Settings.swift */ = {isa = PBXFileReference; lastKnownFileType = sourcecode.swift; path = Settings.swift; sourceTree = "<group>"; };
		F58FF1FC2766E0B1001AA80C /* History.swift */ = {isa = PBXFileReference; lastKnownFileType = sourcecode.swift; path = History.swift; sourceTree = "<group>"; };
		F58FF1FE2766E62A001AA80C /* Main2.swift */ = {isa = PBXFileReference; lastKnownFileType = sourcecode.swift; path = Main2.swift; sourceTree = "<group>"; };
		F58FF20027671C2E001AA80C /* WI.swift */ = {isa = PBXFileReference; lastKnownFileType = sourcecode.swift; path = WI.swift; sourceTree = "<group>"; };
		F58FF20227672138001AA80C /* TG.swift */ = {isa = PBXFileReference; lastKnownFileType = sourcecode.swift; path = TG.swift; sourceTree = "<group>"; };
		F58FF204276723E2001AA80C /* Rem.swift */ = {isa = PBXFileReference; lastKnownFileType = sourcecode.swift; path = Rem.swift; sourceTree = "<group>"; };
/* End PBXFileReference section */

/* Begin PBXFrameworksBuildPhase section */
		F58FF1DE276622D0001AA80C /* Frameworks */ = {
			isa = PBXFrameworksBuildPhase;
			buildActionMask = 2147483647;
			files = (
			);
			runOnlyForDeploymentPostprocessing = 0;
		};
/* End PBXFrameworksBuildPhase section */

/* Begin PBXGroup section */
		F58FF1D8276622D0001AA80C = {
			isa = PBXGroup;
			children = (
				F58FF1E3276622D0001AA80C /* HW6 */,
				F58FF1E2276622D0001AA80C /* Products */,
			);
			sourceTree = "<group>";
		};
		F58FF1E2276622D0001AA80C /* Products */ = {
			isa = PBXGroup;
			children = (
				F58FF1E1276622D0001AA80C /* HW6.app */,
			);
			name = Products;
			sourceTree = "<group>";
		};
		F58FF1E3276622D0001AA80C /* HW6 */ = {
			isa = PBXGroup;
			children = (
				F58FF1E4276622D0001AA80C /* HW6App.swift */,
				F58FF1F62766DEAE001AA80C /* TabV.swift */,
				F58FF1E6276622D0001AA80C /* ContentView.swift */,
				F58FF1F22766C303001AA80C /* RME.swift */,
				F58FF1F42766CFB3001AA80C /* DI.swift */,
				F58FF1F82766DF53001AA80C /* Main1.swift */,
				F58FF1FE2766E62A001AA80C /* Main2.swift */,
				F58FF1FC2766E0B1001AA80C /* History.swift */,
				F58FF1FA2766E065001AA80C /* Settings.swift */,
				F58FF20027671C2E001AA80C /* WI.swift */,
				F58FF20227672138001AA80C /* TG.swift */,
				F58FF204276723E2001AA80C /* Rem.swift */,
				F58FF1E8276622D0001AA80C /* Assets.xcassets */,
				F58FF1EA276622D0001AA80C /* Preview Content */,
			);
			path = HW6;
			sourceTree = "<group>";
		};
		F58FF1EA276622D0001AA80C /* Preview Content */ = {
			isa = PBXGroup;
			children = (
				F58FF1EB276622D0001AA80C /* Preview Assets.xcassets */,
			);
			path = "Preview Content";
			sourceTree = "<group>";
		};
/* End PBXGroup section */

/* Begin PBXNativeTarget section */
		F58FF1E0276622D0001AA80C /* HW6 */ = {
			isa = PBXNativeTarget;
			buildConfigurationList = F58FF1EF276622D0001AA80C /* Build configuration list for PBXNativeTarget "HW6" */;
			buildPhases = (
				F58FF1DD276622D0001AA80C /* Sources */,
				F58FF1DE276622D0001AA80C /* Frameworks */,
				F58FF1DF276622D0001AA80C /* Resources */,
			);
			buildRules = (
			);
			dependencies = (
			);
			name = HW6;
			productName = HW6;
			productReference = F58FF1E1276622D0001AA80C /* HW6.app */;
			productType = "com.apple.product-type.application";
		};
/* End PBXNativeTarget section */

/* Begin PBXProject section */
		F58FF1D9276622D0001AA80C /* Project object */ = {
			isa = PBXProject;
			attributes = {
				BuildIndependentTargetsInParallel = 1;
				LastSwiftUpdateCheck = 1310;
				LastUpgradeCheck = 1310;
				TargetAttributes = {
					F58FF1E0276622D0001AA80C = {
						CreatedOnToolsVersion = 13.1;
					};
				};
			};
			buildConfigurationList = F58FF1DC276622D0001AA80C /* Build configuration list for PBXProject "HW6" */;
			compatibilityVersion = "Xcode 13.0";
			developmentRegion = en;
			hasScannedForEncodings = 0;
			knownRegions = (
				en,
				Base,
			);
			mainGroup = F58FF1D8276622D0001AA80C;
			productRefGroup = F58FF1E2276622D0001AA80C /* Products */;
			projectDirPath = "";
			projectRoot = "";
			targets = (
				F58FF1E0276622D0001AA80C /* HW6 */,
			);
		};
/* End PBXProject section */

/* Begin PBXResourcesBuildPhase section */
		F58FF1DF276622D0001AA80C /* Resources */ = {
			isa = PBXResourcesBuildPhase;
			buildActionMask = 2147483647;
			files = (
				F58FF1EC276622D0001AA80C /* Preview Assets.xcassets in Resources */,
				F58FF1E9276622D0001AA80C /* Assets.xcassets in Resources */,
			);
			runOnlyForDeploymentPostprocessing = 0;
		};
/* End PBXResourcesBuildPhase section */

/* Begin PBXSourcesBuildPhase section */
		F58FF1DD276622D0001AA80C /* Sources */ = {
			isa = PBXSourcesBuildPhase;
			buildActionMask = 2147483647;
			files = (
				F58FF1FF2766E62A001AA80C /* Main2.swift in Sources */,
				F58FF1F92766DF53001AA80C /* Main1.swift in Sources */,
				F58FF1F52766CFB3001AA80C /* DI.swift in Sources */,
				F58FF20127671C2E001AA80C /* WI.swift in Sources */,
				F58FF1FD2766E0B1001AA80C /* History.swift in Sources */,
				F58FF1E7276622D0001AA80C /* ContentView.swift in Sources */,
				F58FF1E5276622D0001AA80C /* HW6App.swift in Sources */,
				F58FF20327672138001AA80C /* TG.swift in Sources */,
				F58FF205276723E2001AA80C /* Rem.swift in Sources */,
				F58FF1FB2766E065001AA80C /* Settings.swift in Sources */,
				F58FF1F72766DEAE001AA80C /* TabV.swift in Sources */,
				F58FF1F32766C304001AA80C /* RME.swift in Sources */,
			);
			runOnlyForDeploymentPostprocessing = 0;
		};
/* End PBXSourcesBuildPhase section */

/* Begin XCBuildConfiguration section */
		F58FF1ED276622D0001AA80C /* Debug */ = {
			isa = XCBuildConfiguration;
			buildSettings = {
				ALWAYS_SEARCH_USER_PATHS = NO;
				CLANG_ANALYZER_NONNULL = YES;
				CLANG_ANALYZER_NUMBER_OBJECT_CONVERSION = YES_AGGRESSIVE;
				CLANG_CXX_LANGUAGE_STANDARD = "gnu++17";
				CLANG_CXX_LIBRARY = "libc++";
				CLANG_ENABLE_MODULES = YES;
				CLANG_ENABLE_OBJC_ARC = YES;
				CLANG_ENABLE_OBJC_WEAK = YES;
				CLANG_WARN_BLOCK_CAPTURE_AUTORELEASING = YES;
				CLANG_WARN_BOOL_CONVERSION = YES;
				CLANG_WARN_COMMA = YES;
				CLANG_WARN_CONSTANT_CONVERSION = YES;
				CLANG_WARN_DEPRECATED_OBJC_IMPLEMENTATIONS = YES;
				CLANG_WARN_DIRECT_OBJC_ISA_USAGE = YES_ERROR;
				CLANG_WARN_DOCUMENTATION_COMMENTS = YES;
				CLANG_WARN_EMPTY_BODY = YES;
				CLANG_WARN_ENUM_CONVERSION = YES;
				CLANG_WARN_INFINITE_RECURSION = YES;
				CLANG_WARN_INT_CONVERSION = YES;
				CLANG_WARN_NON_LITERAL_NULL_CONVERSION = YES;
				CLANG_WARN_OBJC_IMPLICIT_RETAIN_SELF = YES;
				CLANG_WARN_OBJC_LITERAL_CONVERSION = YES;
				CLANG_WARN_OBJC_ROOT_CLASS = YES_ERROR;
				CLANG_WARN_QUOTED_INCLUDE_IN_FRAMEWORK_HEADER = YES;
				CLANG_WARN_RANGE_LOOP_ANALYSIS = YES;
				CLANG_WARN_STRICT_PROTOTYPES = YES;
				CLANG_WARN_SUSPICIOUS_MOVE = YES;
				CLANG_WARN_UNGUARDED_AVAILABILITY = YES_AGGRESSIVE;
				CLANG_WARN_UNREACHABLE_CODE = YES;
				CLANG_WARN__DUPLICATE_METHOD_MATCH = YES;
				COPY_PHASE_STRIP = NO;
				DEBUG_INFORMATION_FORMAT = dwarf;
				ENABLE_STRICT_OBJC_MSGSEND = YES;
				ENABLE_TESTABILITY = YES;
				GCC_C_LANGUAGE_STANDARD = gnu11;
				GCC_DYNAMIC_NO_PIC = NO;
				GCC_NO_COMMON_BLOCKS = YES;
				GCC_OPTIMIZATION_LEVEL = 0;
				GCC_PREPROCESSOR_DEFINITIONS = (
					"DEBUG=1",
					"$(inherited)",
				);
				GCC_WARN_64_TO_32_BIT_CONVERSION = YES;
				GCC_WARN_ABOUT_RETURN_TYPE = YES_ERROR;
				GCC_WARN_UNDECLARED_SELECTOR = YES;
				GCC_WARN_UNINITIALIZED_AUTOS = YES_AGGRESSIVE;
				GCC_WARN_UNUSED_FUNCTION = YES;
				GCC_WARN_UNUSED_VARIABLE = YES;
				IPHONEOS_DEPLOYMENT_TARGET = 15.0;
				MTL_ENABLE_DEBUG_INFO = INCLUDE_SOURCE;
				MTL_FAST_MATH = YES;
				ONLY_ACTIVE_ARCH = YES;
				SDKROOT = iphoneos;
				SWIFT_ACTIVE_COMPILATION_CONDITIONS = DEBUG;
				SWIFT_OPTIMIZATION_LEVEL = "-Onone";
			};
			name = Debug;
		};
		F58FF1EE276622D0001AA80C /* Release */ = {
			isa = XCBuildConfiguration;
			buildSettings = {
				ALWAYS_SEARCH_USER_PATHS = NO;
				CLANG_ANALYZER_NONNULL = YES;
				CLANG_ANALYZER_NUMBER_OBJECT_CONVERSION = YES_AGGRESSIVE;
				CLANG_CXX_LANGUAGE_STANDARD = "gnu++17";
				CLANG_CXX_LIBRARY = "libc++";
				CLANG_ENABLE_MODULES = YES;
				CLANG_ENABLE_OBJC_ARC = YES;
				CLANG_ENABLE_OBJC_WEAK = YES;
				CLANG_WARN_BLOCK_CAPTURE_AUTORELEASING = YES;
				CLANG_WARN_BOOL_CONVERSION = YES;
				CLANG_WARN_COMMA = YES;
				CLANG_WARN_CONSTANT_CONVERSION = YES;
				CLANG_WARN_DEPRECATED_OBJC_IMPLEMENTATIONS = YES;
				CLANG_WARN_DIRECT_OBJC_ISA_USAGE = YES_ERROR;
				CLANG_WARN_DOCUMENTATION_COMMENTS = YES;
				CLANG_WARN_EMPTY_BODY = YES;
				CLANG_WARN_ENUM_CONVERSION = YES;
				CLANG_WARN_INFINITE_RECURSION = YES;
				CLANG_WARN_INT_CONVERSION = YES;
				CLANG_WARN_NON_LITERAL_NULL_CONVERSION = YES;
				CLANG_WARN_OBJC_IMPLICIT_RETAIN_SELF = YES;
				CLANG_WARN_OBJC_LITERAL_CONVERSION = YES;
				CLANG_WARN_OBJC_ROOT_CLASS = YES_ERROR;
				CLANG_WARN_QUOTED_INCLUDE_IN_FRAMEWORK_HEADER = YES;
				CLANG_WARN_RANGE_LOOP_ANALYSIS = YES;
				CLANG_WARN_STRICT_PROTOTYPES = YES;
				CLANG_WARN_SUSPICIOUS_MOVE = YES;
				CLANG_WARN_UNGUARDED_AVAILABILITY = YES_AGGRESSIVE;
				CLANG_WARN_UNREACHABLE_CODE = YES;
				CLANG_WARN__DUPLICATE_METHOD_MATCH = YES;
				COPY_PHASE_STRIP = NO;
				DEBUG_INFORMATION_FORMAT = "dwarf-with-dsym";
				ENABLE_NS_ASSERTIONS = NO;
				ENABLE_STRICT_OBJC_MSGSEND = YES;
				GCC_C_LANGUAGE_STANDARD = gnu11;
				GCC_NO_COMMON_BLOCKS = YES;
				GCC_WARN_64_TO_32_BIT_CONVERSION = YES;
				GCC_WARN_ABOUT_RETURN_TYPE = YES_ERROR;
				GCC_WARN_UNDECLARED_SELECTOR = YES;
				GCC_WARN_UNINITIALIZED_AUTOS = YES_AGGRESSIVE;
				GCC_WARN_UNUSED_FUNCTION = YES;
				GCC_WARN_UNUSED_VARIABLE = YES;
				IPHONEOS_DEPLOYMENT_TARGET = 15.0;
				MTL_ENABLE_DEBUG_INFO = NO;
				MTL_FAST_MATH = YES;
				SDKROOT = iphoneos;
				SWIFT_COMPILATION_MODE = wholemodule;
				SWIFT_OPTIMIZATION_LEVEL = "-O";
				VALIDATE_PRODUCT = YES;
			};
			name = Release;
		};
		F58FF1F0276622D0001AA80C /* Debug */ = {
			isa = XCBuildConfiguration;
			buildSettings = {
				ASSETCATALOG_COMPILER_APPICON_NAME = AppIcon;
				ASSETCATALOG_COMPILER_GLOBAL_ACCENT_COLOR_NAME = AccentColor;
				CODE_SIGN_STYLE = Automatic;
				CURRENT_PROJECT_VERSION = 1;
				DEVELOPMENT_ASSET_PATHS = "\"HW6/Preview Content\"";
				DEVELOPMENT_TEAM = HVCTYH764F;
				ENABLE_PREVIEWS = YES;
				GENERATE_INFOPLIST_FILE = YES;
				INFOPLIST_KEY_UIApplicationSceneManifest_Generation = YES;
				INFOPLIST_KEY_UIApplicationSupportsIndirectInputEvents = YES;
				INFOPLIST_KEY_UILaunchScreen_Generation = YES;
				INFOPLIST_KEY_UISupportedInterfaceOrientations_iPad = "UIInterfaceOrientationPortrait UIInterfaceOrientationPortraitUpsideDown UIInterfaceOrientationLandscapeLeft UIInterfaceOrientationLandscapeRight";
				INFOPLIST_KEY_UISupportedInterfaceOrientations_iPhone = "UIInterfaceOrientationPortrait UIInterfaceOrientationLandscapeLeft UIInterfaceOrientationLandscapeRight";
				LD_RUNPATH_SEARCH_PATHS = (
					"$(inherited)",
					"@executable_path/Frameworks",
				);
				MARKETING_VERSION = 1.0;
				PRODUCT_BUNDLE_IDENTIFIER = "arslan-default-project.HW6";
				PRODUCT_NAME = "$(TARGET_NAME)";
				SWIFT_EMIT_LOC_STRINGS = YES;
				SWIFT_VERSION = 5.0;
				TARGETED_DEVICE_FAMILY = "1,2";
			};
			name = Debug;
		};
		F58FF1F1276622D0001AA80C /* Release */ = {
			isa = XCBuildConfiguration;
			buildSettings = {
				ASSETCATALOG_COMPILER_APPICON_NAME = AppIcon;
				ASSETCATALOG_COMPILER_GLOBAL_ACCENT_COLOR_NAME = AccentColor;
				CODE_SIGN_STYLE = Automatic;
				CURRENT_PROJECT_VERSION = 1;
				DEVELOPMENT_ASSET_PATHS = "\"HW6/Preview Content\"";
				DEVELOPMENT_TEAM = HVCTYH764F;
				ENABLE_PREVIEWS = YES;
				GENERATE_INFOPLIST_FILE = YES;
				INFOPLIST_KEY_UIApplicationSceneManifest_Generation = YES;
				INFOPLIST_KEY_UIApplicationSupportsIndirectInputEvents = YES;
				INFOPLIST_KEY_UILaunchScreen_Generation = YES;
				INFOPLIST_KEY_UISupportedInterfaceOrientations_iPad = "UIInterfaceOrientationPortrait UIInterfaceOrientationPortraitUpsideDown UIInterfaceOrientationLandscapeLeft UIInterfaceOrientationLandscapeRight";
				INFOPLIST_KEY_UISupportedInterfaceOrientations_iPhone = "UIInterfaceOrientationPortrait UIInterfaceOrientationLandscapeLeft UIInterfaceOrientationLandscapeRight";
				LD_RUNPATH_SEARCH_PATHS = (
					"$(inherited)",
					"@executable_path/Frameworks",
				);
				MARKETING_VERSION = 1.0;
				PRODUCT_BUNDLE_IDENTIFIER = "arslan-default-project.HW6";
				PRODUCT_NAME = "$(TARGET_NAME)";
				SWIFT_EMIT_LOC_STRINGS = YES;
				SWIFT_VERSION = 5.0;
				TARGETED_DEVICE_FAMILY = "1,2";
			};
			name = Release;
		};
/* End XCBuildConfiguration section */

/* Begin XCConfigurationList section */
		F58FF1DC276622D0001AA80C /* Build configuration list for PBXProject "HW6" */ = {
			isa = XCConfigurationList;
			buildConfigurations = (
				F58FF1ED276622D0001AA80C /* Debug */,
				F58FF1EE276622D0001AA80C /* Release */,
			);
			defaultConfigurationIsVisible = 0;
			defaultConfigurationName = Release;
		};
		F58FF1EF276622D0001AA80C /* Build configuration list for PBXNativeTarget "HW6" */ = {
			isa = XCConfigurationList;
			buildConfigurations = (
				F58FF1F0276622D0001AA80C /* Debug */,
				F58FF1F1276622D0001AA80C /* Release */,
			);
			defaultConfigurationIsVisible = 0;
			defaultConfigurationName = Release;
		};
/* End XCConfigurationList section */
	};
	rootObject = F58FF1D9276622D0001AA80C /* Project object */;
}
